// !$*UTF8*$!
{
	archiveVersion = 1;
	classes = {
	};
	objectVersion = 46;
	objects = {

/* Begin PBXBuildFile section */
		383D9B5918208E96008AF9F4 /* Foundation.framework in Frameworks */ = {isa = PBXBuildFile; fileRef = 383D9B5818208E96008AF9F4 /* Foundation.framework */; };
		383D9B5B18208E96008AF9F4 /* CoreGraphics.framework in Frameworks */ = {isa = PBXBuildFile; fileRef = 383D9B5A18208E96008AF9F4 /* CoreGraphics.framework */; };
		383D9B5D18208E96008AF9F4 /* UIKit.framework in Frameworks */ = {isa = PBXBuildFile; fileRef = 383D9B5C18208E96008AF9F4 /* UIKit.framework */; };
		383D9B6318208E96008AF9F4 /* InfoPlist.strings in Resources */ = {isa = PBXBuildFile; fileRef = 383D9B6118208E96008AF9F4 /* InfoPlist.strings */; };
		383D9B6518208E96008AF9F4 /* main.m in Sources */ = {isa = PBXBuildFile; fileRef = 383D9B6418208E96008AF9F4 /* main.m */; };
		383D9B6918208E96008AF9F4 /* AppDelegate.m in Sources */ = {isa = PBXBuildFile; fileRef = 383D9B6818208E96008AF9F4 /* AppDelegate.m */; };
		383D9B6C18208E96008AF9F4 /* Main.storyboard in Resources */ = {isa = PBXBuildFile; fileRef = 383D9B6A18208E96008AF9F4 /* Main.storyboard */; };
		383D9B6F18208E96008AF9F4 /* MasterViewController.m in Sources */ = {isa = PBXBuildFile; fileRef = 383D9B6E18208E96008AF9F4 /* MasterViewController.m */; };
		383D9B7218208E96008AF9F4 /* DetailViewController.m in Sources */ = {isa = PBXBuildFile; fileRef = 383D9B7118208E96008AF9F4 /* DetailViewController.m */; };
		383D9B7418208E96008AF9F4 /* Images.xcassets in Resources */ = {isa = PBXBuildFile; fileRef = 383D9B7318208E96008AF9F4 /* Images.xcassets */; };
		383D9B7B18208E96008AF9F4 /* XCTest.framework in Frameworks */ = {isa = PBXBuildFile; fileRef = 383D9B7A18208E96008AF9F4 /* XCTest.framework */; };
		383D9B7C18208E96008AF9F4 /* Foundation.framework in Frameworks */ = {isa = PBXBuildFile; fileRef = 383D9B5818208E96008AF9F4 /* Foundation.framework */; };
		383D9B7D18208E96008AF9F4 /* UIKit.framework in Frameworks */ = {isa = PBXBuildFile; fileRef = 383D9B5C18208E96008AF9F4 /* UIKit.framework */; };
		383D9B8518208E96008AF9F4 /* InfoPlist.strings in Resources */ = {isa = PBXBuildFile; fileRef = 383D9B8318208E96008AF9F4 /* InfoPlist.strings */; };
		383D9B8718208E96008AF9F4 /* CodemashSchedulerTests.m in Sources */ = {isa = PBXBuildFile; fileRef = 383D9B8618208E96008AF9F4 /* CodemashSchedulerTests.m */; };
		383D9B9818209890008AF9F4 /* Session.m in Sources */ = {isa = PBXBuildFile; fileRef = 383D9B9718209890008AF9F4 /* Session.m */; };
/* End PBXBuildFile section */

/* Begin PBXContainerItemProxy section */
		383D9B7E18208E96008AF9F4 /* PBXContainerItemProxy */ = {
			isa = PBXContainerItemProxy;
			containerPortal = 383D9B4D18208E96008AF9F4 /* Project object */;
			proxyType = 1;
			remoteGlobalIDString = 383D9B5418208E96008AF9F4;
			remoteInfo = CodemashScheduler;
		};
/* End PBXContainerItemProxy section */

/* Begin PBXFileReference section */
		383D9B5518208E96008AF9F4 /* CodemashScheduler.app */ = {isa = PBXFileReference; explicitFileType = wrapper.application; includeInIndex = 0; path = CodemashScheduler.app; sourceTree = BUILT_PRODUCTS_DIR; };
		383D9B5818208E96008AF9F4 /* Foundation.framework */ = {isa = PBXFileReference; lastKnownFileType = wrapper.framework; name = Foundation.framework; path = System/Library/Frameworks/Foundation.framework; sourceTree = SDKROOT; };
		383D9B5A18208E96008AF9F4 /* CoreGraphics.framework */ = {isa = PBXFileReference; lastKnownFileType = wrapper.framework; name = CoreGraphics.framework; path = System/Library/Frameworks/CoreGraphics.framework; sourceTree = SDKROOT; };
		383D9B5C18208E96008AF9F4 /* UIKit.framework */ = {isa = PBXFileReference; lastKnownFileType = wrapper.framework; name = UIKit.framework; path = System/Library/Frameworks/UIKit.framework; sourceTree = SDKROOT; };
		383D9B6018208E96008AF9F4 /* CodemashScheduler-Info.plist */ = {isa = PBXFileReference; lastKnownFileType = text.plist.xml; path = "CodemashScheduler-Info.plist"; sourceTree = "<group>"; };
		383D9B6218208E96008AF9F4 /* en */ = {isa = PBXFileReference; lastKnownFileType = text.plist.strings; name = en; path = en.lproj/InfoPlist.strings; sourceTree = "<group>"; };
		383D9B6418208E96008AF9F4 /* main.m */ = {isa = PBXFileReference; lastKnownFileType = sourcecode.c.objc; path = main.m; sourceTree = "<group>"; };
		383D9B6618208E96008AF9F4 /* CodemashScheduler-Prefix.pch */ = {isa = PBXFileReference; lastKnownFileType = sourcecode.c.h; path = "CodemashScheduler-Prefix.pch"; sourceTree = "<group>"; };
		383D9B6718208E96008AF9F4 /* AppDelegate.h */ = {isa = PBXFileReference; lastKnownFileType = sourcecode.c.h; path = AppDelegate.h; sourceTree = "<group>"; };
		383D9B6818208E96008AF9F4 /* AppDelegate.m */ = {isa = PBXFileReference; lastKnownFileType = sourcecode.c.objc; path = AppDelegate.m; sourceTree = "<group>"; };
		383D9B6B18208E96008AF9F4 /* Base */ = {isa = PBXFileReference; lastKnownFileType = file.storyboard; name = Base; path = Base.lproj/Main.storyboard; sourceTree = "<group>"; };
		383D9B6D18208E96008AF9F4 /* MasterViewController.h */ = {isa = PBXFileReference; lastKnownFileType = sourcecode.c.h; path = MasterViewController.h; sourceTree = "<group>"; };
		383D9B6E18208E96008AF9F4 /* MasterViewController.m */ = {isa = PBXFileReference; lastKnownFileType = sourcecode.c.objc; path = MasterViewController.m; sourceTree = "<group>"; };
		383D9B7018208E96008AF9F4 /* DetailViewController.h */ = {isa = PBXFileReference; lastKnownFileType = sourcecode.c.h; path = DetailViewController.h; sourceTree = "<group>"; };
		383D9B7118208E96008AF9F4 /* DetailViewController.m */ = {isa = PBXFileReference; lastKnownFileType = sourcecode.c.objc; path = DetailViewController.m; sourceTree = "<group>"; };
		383D9B7318208E96008AF9F4 /* Images.xcassets */ = {isa = PBXFileReference; lastKnownFileType = folder.assetcatalog; path = Images.xcassets; sourceTree = "<group>"; };
		383D9B7918208E96008AF9F4 /* CodemashSchedulerTests.xctest */ = {isa = PBXFileReference; explicitFileType = wrapper.cfbundle; includeInIndex = 0; path = CodemashSchedulerTests.xctest; sourceTree = BUILT_PRODUCTS_DIR; };
		383D9B7A18208E96008AF9F4 /* XCTest.framework */ = {isa = PBXFileReference; lastKnownFileType = wrapper.framework; name = XCTest.framework; path = Library/Frameworks/XCTest.framework; sourceTree = DEVELOPER_DIR; };
		383D9B8218208E96008AF9F4 /* CodemashSchedulerTests-Info.plist */ = {isa = PBXFileReference; lastKnownFileType = text.plist.xml; path = "CodemashSchedulerTests-Info.plist"; sourceTree = "<group>"; };
		383D9B8418208E96008AF9F4 /* en */ = {isa = PBXFileReference; lastKnownFileType = text.plist.strings; name = en; path = en.lproj/InfoPlist.strings; sourceTree = "<group>"; };
		383D9B8618208E96008AF9F4 /* CodemashSchedulerTests.m */ = {isa = PBXFileReference; lastKnownFileType = sourcecode.c.objc; path = CodemashSchedulerTests.m; sourceTree = "<group>"; };
		383D9B9618209890008AF9F4 /* Session.h */ = {isa = PBXFileReference; fileEncoding = 4; lastKnownFileType = sourcecode.c.h; path = Session.h; sourceTree = "<group>"; };
		383D9B9718209890008AF9F4 /* Session.m */ = {isa = PBXFileReference; fileEncoding = 4; lastKnownFileType = sourcecode.c.objc; path = Session.m; sourceTree = "<group>"; };
/* End PBXFileReference section */

/* Begin PBXFrameworksBuildPhase section */
		383D9B5218208E96008AF9F4 /* Frameworks */ = {
			isa = PBXFrameworksBuildPhase;
			buildActionMask = 2147483647;
			files = (
				383D9B5B18208E96008AF9F4 /* CoreGraphics.framework in Frameworks */,
				383D9B5D18208E96008AF9F4 /* UIKit.framework in Frameworks */,
				383D9B5918208E96008AF9F4 /* Foundation.framework in Frameworks */,
			);
			runOnlyForDeploymentPostprocessing = 0;
		};
		383D9B7618208E96008AF9F4 /* Frameworks */ = {
			isa = PBXFrameworksBuildPhase;
			buildActionMask = 2147483647;
			files = (
				383D9B7B18208E96008AF9F4 /* XCTest.framework in Frameworks */,
				383D9B7D18208E96008AF9F4 /* UIKit.framework in Frameworks */,
				383D9B7C18208E96008AF9F4 /* Foundation.framework in Frameworks */,
			);
			runOnlyForDeploymentPostprocessing = 0;
		};
/* End PBXFrameworksBuildPhase section */

/* Begin PBXGroup section */
		383D9B4C18208E96008AF9F4 = {
			isa = PBXGroup;
			children = (
				383D9B5E18208E96008AF9F4 /* CodemashScheduler */,
				383D9B8018208E96008AF9F4 /* CodemashSchedulerTests */,
				383D9B5718208E96008AF9F4 /* Frameworks */,
				383D9B5618208E96008AF9F4 /* Products */,
			);
			sourceTree = "<group>";
		};
		383D9B5618208E96008AF9F4 /* Products */ = {
			isa = PBXGroup;
			children = (
				383D9B5518208E96008AF9F4 /* CodemashScheduler.app */,
				383D9B7918208E96008AF9F4 /* CodemashSchedulerTests.xctest */,
			);
			name = Products;
			sourceTree = "<group>";
		};
		383D9B5718208E96008AF9F4 /* Frameworks */ = {
			isa = PBXGroup;
			children = (
				383D9B5818208E96008AF9F4 /* Foundation.framework */,
				383D9B5A18208E96008AF9F4 /* CoreGraphics.framework */,
				383D9B5C18208E96008AF9F4 /* UIKit.framework */,
				383D9B7A18208E96008AF9F4 /* XCTest.framework */,
			);
			name = Frameworks;
			sourceTree = "<group>";
		};
		383D9B5E18208E96008AF9F4 /* CodemashScheduler */ = {
			isa = PBXGroup;
			children = (
				383D9B99182099FA008AF9F4 /* iPad */,
				383D9B6718208E96008AF9F4 /* AppDelegate.h */,
				383D9B6818208E96008AF9F4 /* AppDelegate.m */,
				383D9B6A18208E96008AF9F4 /* Main.storyboard */,
				383D9B6D18208E96008AF9F4 /* MasterViewController.h */,
				383D9B6E18208E96008AF9F4 /* MasterViewController.m */,
				383D9B7018208E96008AF9F4 /* DetailViewController.h */,
				383D9B7118208E96008AF9F4 /* DetailViewController.m */,
				383D9B7318208E96008AF9F4 /* Images.xcassets */,
				383D9B5F18208E96008AF9F4 /* Supporting Files */,
				383D9B9618209890008AF9F4 /* Session.h */,
				383D9B9718209890008AF9F4 /* Session.m */,
			);
			path = CodemashScheduler;
			sourceTree = "<group>";
		};
		383D9B5F18208E96008AF9F4 /* Supporting Files */ = {
			isa = PBXGroup;
			children = (
				383D9B6018208E96008AF9F4 /* CodemashScheduler-Info.plist */,
				383D9B6118208E96008AF9F4 /* InfoPlist.strings */,
				383D9B6418208E96008AF9F4 /* main.m */,
				383D9B6618208E96008AF9F4 /* CodemashScheduler-Prefix.pch */,
			);
			name = "Supporting Files";
			sourceTree = "<group>";
		};
		383D9B8018208E96008AF9F4 /* CodemashSchedulerTests */ = {
			isa = PBXGroup;
			children = (
				383D9B8618208E96008AF9F4 /* CodemashSchedulerTests.m */,
				383D9B8118208E96008AF9F4 /* Supporting Files */,
			);
			path = CodemashSchedulerTests;
			sourceTree = "<group>";
		};
		383D9B8118208E96008AF9F4 /* Supporting Files */ = {
			isa = PBXGroup;
			children = (
				383D9B8218208E96008AF9F4 /* CodemashSchedulerTests-Info.plist */,
				383D9B8318208E96008AF9F4 /* InfoPlist.strings */,
			);
			name = "Supporting Files";
			sourceTree = "<group>";
		};
		383D9B99182099FA008AF9F4 /* iPad */ = {
			isa = PBXGroup;
			children = (
			);
			name = iPad;
			sourceTree = "<group>";
		};
/* End PBXGroup section */

/* Begin PBXNativeTarget section */
		383D9B5418208E96008AF9F4 /* CodemashScheduler */ = {
			isa = PBXNativeTarget;
			buildConfigurationList = 383D9B8A18208E96008AF9F4 /* Build configuration list for PBXNativeTarget "CodemashScheduler" */;
			buildPhases = (
				383D9B5118208E96008AF9F4 /* Sources */,
				383D9B5218208E96008AF9F4 /* Frameworks */,
				383D9B5318208E96008AF9F4 /* Resources */,
			);
			buildRules = (
			);
			dependencies = (
			);
			name = CodemashScheduler;
			productName = CodemashScheduler;
			productReference = 383D9B5518208E96008AF9F4 /* CodemashScheduler.app */;
			productType = "com.apple.product-type.application";
		};
		383D9B7818208E96008AF9F4 /* CodemashSchedulerTests */ = {
			isa = PBXNativeTarget;
			buildConfigurationList = 383D9B8D18208E96008AF9F4 /* Build configuration list for PBXNativeTarget "CodemashSchedulerTests" */;
			buildPhases = (
				383D9B7518208E96008AF9F4 /* Sources */,
				383D9B7618208E96008AF9F4 /* Frameworks */,
				383D9B7718208E96008AF9F4 /* Resources */,
			);
			buildRules = (
			);
			dependencies = (
				383D9B7F18208E96008AF9F4 /* PBXTargetDependency */,
			);
			name = CodemashSchedulerTests;
			productName = CodemashSchedulerTests;
			productReference = 383D9B7918208E96008AF9F4 /* CodemashSchedulerTests.xctest */;
			productType = "com.apple.product-type.bundle.unit-test";
		};
/* End PBXNativeTarget section */

/* Begin PBXProject section */
		383D9B4D18208E96008AF9F4 /* Project object */ = {
			isa = PBXProject;
			attributes = {
				LastUpgradeCheck = 0500;
				TargetAttributes = {
					383D9B7818208E96008AF9F4 = {
						TestTargetID = 383D9B5418208E96008AF9F4;
					};
				};
			};
			buildConfigurationList = 383D9B5018208E96008AF9F4 /* Build configuration list for PBXProject "CodemashScheduler" */;
			compatibilityVersion = "Xcode 3.2";
			developmentRegion = English;
			hasScannedForEncodings = 0;
			knownRegions = (
				en,
				Base,
			);
			mainGroup = 383D9B4C18208E96008AF9F4;
			productRefGroup = 383D9B5618208E96008AF9F4 /* Products */;
			projectDirPath = "";
			projectRoot = "";
			targets = (
				383D9B5418208E96008AF9F4 /* CodemashScheduler */,
				383D9B7818208E96008AF9F4 /* CodemashSchedulerTests */,
			);
		};
/* End PBXProject section */

/* Begin PBXResourcesBuildPhase section */
		383D9B5318208E96008AF9F4 /* Resources */ = {
			isa = PBXResourcesBuildPhase;
			buildActionMask = 2147483647;
			files = (
				383D9B7418208E96008AF9F4 /* Images.xcassets in Resources */,
				383D9B6318208E96008AF9F4 /* InfoPlist.strings in Resources */,
				383D9B6C18208E96008AF9F4 /* Main.storyboard in Resources */,
			);
			runOnlyForDeploymentPostprocessing = 0;
		};
		383D9B7718208E96008AF9F4 /* Resources */ = {
			isa = PBXResourcesBuildPhase;
			buildActionMask = 2147483647;
			files = (
				383D9B8518208E96008AF9F4 /* InfoPlist.strings in Resources */,
			);
			runOnlyForDeploymentPostprocessing = 0;
		};
/* End PBXResourcesBuildPhase section */

/* Begin PBXSourcesBuildPhase section */
		383D9B5118208E96008AF9F4 /* Sources */ = {
			isa = PBXSourcesBuildPhase;
			buildActionMask = 2147483647;
			files = (
				383D9B6918208E96008AF9F4 /* AppDelegate.m in Sources */,
				383D9B9818209890008AF9F4 /* Session.m in Sources */,
				383D9B6F18208E96008AF9F4 /* MasterViewController.m in Sources */,
				383D9B6518208E96008AF9F4 /* main.m in Sources */,
				383D9B7218208E96008AF9F4 /* DetailViewController.m in Sources */,
			);
			runOnlyForDeploymentPostprocessing = 0;
		};
		383D9B7518208E96008AF9F4 /* Sources */ = {
			isa = PBXSourcesBuildPhase;
			buildActionMask = 2147483647;
			files = (
				383D9B8718208E96008AF9F4 /* CodemashSchedulerTests.m in Sources */,
			);
			runOnlyForDeploymentPostprocessing = 0;
		};
/* End PBXSourcesBuildPhase section */

/* Begin PBXTargetDependency section */
		383D9B7F18208E96008AF9F4 /* PBXTargetDependency */ = {
			isa = PBXTargetDependency;
			target = 383D9B5418208E96008AF9F4 /* CodemashScheduler */;
			targetProxy = 383D9B7E18208E96008AF9F4 /* PBXContainerItemProxy */;
		};
/* End PBXTargetDependency section */

/* Begin PBXVariantGroup section */
		383D9B6118208E96008AF9F4 /* InfoPlist.strings */ = {
			isa = PBXVariantGroup;
			children = (
				383D9B6218208E96008AF9F4 /* en */,
			);
			name = InfoPlist.strings;
			sourceTree = "<group>";
		};
		383D9B6A18208E96008AF9F4 /* Main.storyboard */ = {
			isa = PBXVariantGroup;
			children = (
				383D9B6B18208E96008AF9F4 /* Base */,
			);
			name = Main.storyboard;
			sourceTree = "<group>";
		};
		383D9B8318208E96008AF9F4 /* InfoPlist.strings */ = {
			isa = PBXVariantGroup;
			children = (
				383D9B8418208E96008AF9F4 /* en */,
			);
			name = InfoPlist.strings;
			sourceTree = "<group>";
		};
/* End PBXVariantGroup section */

/* Begin XCBuildConfiguration section */
		383D9B8818208E96008AF9F4 /* Debug */ = {
			isa = XCBuildConfiguration;
			buildSettings = {
				ALWAYS_SEARCH_USER_PATHS = NO;
				ARCHS = "$(ARCHS_STANDARD_INCLUDING_64_BIT)";
				CLANG_CXX_LANGUAGE_STANDARD = "gnu++0x";
				CLANG_CXX_LIBRARY = "libc++";
				CLANG_ENABLE_MODULES = YES;
				CLANG_ENABLE_OBJC_ARC = YES;
				CLANG_WARN_BOOL_CONVERSION = YES;
				CLANG_WARN_CONSTANT_CONVERSION = YES;
				CLANG_WARN_DIRECT_OBJC_ISA_USAGE = YES_ERROR;
				CLANG_WARN_EMPTY_BODY = YES;
				CLANG_WARN_ENUM_CONVERSION = YES;
				CLANG_WARN_INT_CONVERSION = YES;
				CLANG_WARN_OBJC_ROOT_CLASS = YES_ERROR;
				CLANG_WARN__DUPLICATE_METHOD_MATCH = YES;
				"CODE_SIGN_IDENTITY[sdk=iphoneos*]" = "iPhone Developer";
				COPY_PHASE_STRIP = NO;
				GCC_C_LANGUAGE_STANDARD = gnu99;
				GCC_DYNAMIC_NO_PIC = NO;
				GCC_OPTIMIZATION_LEVEL = 0;
				GCC_PREPROCESSOR_DEFINITIONS = (
					"DEBUG=1",
					"$(inherited)",
				);
				GCC_SYMBOLS_PRIVATE_EXTERN = NO;
				GCC_WARN_64_TO_32_BIT_CONVERSION = YES;
				GCC_WARN_ABOUT_RETURN_TYPE = YES_ERROR;
				GCC_WARN_UNDECLARED_SELECTOR = YES;
				GCC_WARN_UNINITIALIZED_AUTOS = YES;
				GCC_WARN_UNUSED_FUNCTION = YES;
				GCC_WARN_UNUSED_VARIABLE = YES;
				IPHONEOS_DEPLOYMENT_TARGET = 7.0;
				ONLY_ACTIVE_ARCH = YES;
				SDKROOT = iphoneos;
			};
			name = Debug;
		};
		383D9B8918208E96008AF9F4 /* Release */ = {
			isa = XCBuildConfiguration;
			buildSettings = {
				ALWAYS_SEARCH_USER_PATHS = NO;
				ARCHS = "$(ARCHS_STANDARD_INCLUDING_64_BIT)";
				CLANG_CXX_LANGUAGE_STANDARD = "gnu++0x";
				CLANG_CXX_LIBRARY = "libc++";
				CLANG_ENABLE_MODULES = YES;
				CLANG_ENABLE_OBJC_ARC = YES;
				CLANG_WARN_BOOL_CONVERSION = YES;
				CLANG_WARN_CONSTANT_CONVERSION = YES;
				CLANG_WARN_DIRECT_OBJC_ISA_USAGE = YES_ERROR;
				CLANG_WARN_EMPTY_BODY = YES;
				CLANG_WARN_ENUM_CONVERSION = YES;
				CLANG_WARN_INT_CONVERSION = YES;
				CLANG_WARN_OBJC_ROOT_CLASS = YES_ERROR;
				CLANG_WARN__DUPLICATE_METHOD_MATCH = YES;
				"CODE_SIGN_IDENTITY[sdk=iphoneos*]" = "iPhone Developer";
				COPY_PHASE_STRIP = YES;
				ENABLE_NS_ASSERTIONS = NO;
				GCC_C_LANGUAGE_STANDARD = gnu99;
				GCC_WARN_64_TO_32_BIT_CONVERSION = YES;
				GCC_WARN_ABOUT_RETURN_TYPE = YES_ERROR;
				GCC_WARN_UNDECLARED_SELECTOR = YES;
				GCC_WARN_UNINITIALIZED_AUTOS = YES;
				GCC_WARN_UNUSED_FUNCTION = YES;
				GCC_WARN_UNUSED_VARIABLE = YES;
				IPHONEOS_DEPLOYMENT_TARGET = 7.0;
				SDKROOT = iphoneos;
				VALIDATE_PRODUCT = YES;
			};
			name = Release;
		};
		383D9B8B18208E96008AF9F4 /* Debug */ = {
			isa = XCBuildConfiguration;
			buildSettings = {
				ASSETCATALOG_COMPILER_APPICON_NAME = AppIcon;
				ASSETCATALOG_COMPILER_LAUNCHIMAGE_NAME = LaunchImage;
				GCC_PRECOMPILE_PREFIX_HEADER = YES;
				GCC_PREFIX_HEADER = "CodemashScheduler/CodemashScheduler-Prefix.pch";
				INFOPLIST_FILE = "CodemashScheduler/CodemashScheduler-Info.plist";
				IPHONEOS_DEPLOYMENT_TARGET = 7.0;
				PRODUCT_NAME = "$(TARGET_NAME)";
				TARGETED_DEVICE_FAMILY = "1,2";
				WRAPPER_EXTENSION = app;
			};
			name = Debug;
		};
		383D9B8C18208E96008AF9F4 /* Release */ = {
			isa = XCBuildConfiguration;
			buildSettings = {
				ASSETCATALOG_COMPILER_APPICON_NAME = AppIcon;
				ASSETCATALOG_COMPILER_LAUNCHIMAGE_NAME = LaunchImage;
				GCC_PRECOMPILE_PREFIX_HEADER = YES;
				GCC_PREFIX_HEADER = "CodemashScheduler/CodemashScheduler-Prefix.pch";
				INFOPLIST_FILE = "CodemashScheduler/CodemashScheduler-Info.plist";
				IPHONEOS_DEPLOYMENT_TARGET = 7.0;
				PRODUCT_NAME = "$(TARGET_NAME)";
				TARGETED_DEVICE_FAMILY = "1,2";
				WRAPPER_EXTENSION = app;
			};
			name = Release;
		};
		383D9B8E18208E96008AF9F4 /* Debug */ = {
			isa = XCBuildConfiguration;
			buildSettings = {
				ARCHS = "$(ARCHS_STANDARD_INCLUDING_64_BIT)";
				BUNDLE_LOADER = "$(BUILT_PRODUCTS_DIR)/CodemashScheduler.app/CodemashScheduler";
				FRAMEWORK_SEARCH_PATHS = (
					"$(SDKROOT)/Developer/Library/Frameworks",
					"$(inherited)",
					"$(DEVELOPER_FRAMEWORKS_DIR)",
				);
				GCC_PRECOMPILE_PREFIX_HEADER = YES;
				GCC_PREFIX_HEADER = "CodemashScheduler/CodemashScheduler-Prefix.pch";
				GCC_PREPROCESSOR_DEFINITIONS = (
					"DEBUG=1",
					"$(inherited)",
				);
				INFOPLIST_FILE = "CodemashSchedulerTests/CodemashSchedulerTests-Info.plist";
				PRODUCT_NAME = "$(TARGET_NAME)";
				TEST_HOST = "$(BUNDLE_LOADER)";
				WRAPPER_EXTENSION = xctest;
			};
			name = Debug;
		};
		383D9B8F18208E96008AF9F4 /* Release */ = {
			isa = XCBuildConfiguration;
			buildSettings = {
				ARCHS = "$(ARCHS_STANDARD_INCLUDING_64_BIT)";
				BUNDLE_LOADER = "$(BUILT_PRODUCTS_DIR)/CodemashScheduler.app/CodemashScheduler";
				FRAMEWORK_SEARCH_PATHS = (
					"$(SDKROOT)/Developer/Library/Frameworks",
					"$(inherited)",
					"$(DEVELOPER_FRAMEWORKS_DIR)",
				);
				GCC_PRECOMPILE_PREFIX_HEADER = YES;
				GCC_PREFIX_HEADER = "CodemashScheduler/CodemashScheduler-Prefix.pch";
				INFOPLIST_FILE = "CodemashSchedulerTests/CodemashSchedulerTests-Info.plist";
				PRODUCT_NAME = "$(TARGET_NAME)";
				TEST_HOST = "$(BUNDLE_LOADER)";
				WRAPPER_EXTENSION = xctest;
			};
			name = Release;
		};
/* End XCBuildConfiguration section */

/* Begin XCConfigurationList section */
		383D9B5018208E96008AF9F4 /* Build configuration list for PBXProject "CodemashScheduler" */ = {
			isa = XCConfigurationList;
			buildConfigurations = (
				383D9B8818208E96008AF9F4 /* Debug */,
				383D9B8918208E96008AF9F4 /* Release */,
			);
			defaultConfigurationIsVisible = 0;
			defaultConfigurationName = Release;
		};
		383D9B8A18208E96008AF9F4 /* Build configuration list for PBXNativeTarget "CodemashScheduler" */ = {
			isa = XCConfigurationList;
			buildConfigurations = (
				383D9B8B18208E96008AF9F4 /* Debug */,
				383D9B8C18208E96008AF9F4 /* Release */,
			);
			defaultConfigurationIsVisible = 0;
			defaultConfigurationName = Release;
		};
		383D9B8D18208E96008AF9F4 /* Build configuration list for PBXNativeTarget "CodemashSchedulerTests" */ = {
			isa = XCConfigurationList;
			buildConfigurations = (
				383D9B8E18208E96008AF9F4 /* Debug */,
				383D9B8F18208E96008AF9F4 /* Release */,
			);
			defaultConfigurationIsVisible = 0;
			defaultConfigurationName = Release;
		};
/* End XCConfigurationList section */
	};
	rootObject = 383D9B4D18208E96008AF9F4 /* Project object */;
}
